
Microsoft Visual Studio Solution File, Format Version 12.00
# Visual Studio Version 16
VisualStudioVersion = 16.0.31424.327
MinimumVisualStudioVersion = 10.0.40219.1
Project("{FAE04EC0-301F-11D3-BF4B-00C04F79EFBC}") = "Zadanie1_Anisimov_Valerii", "Zadanie1_Anisimov_Valerii\Zadanie1_Anisimov_Valerii.csproj", "{FE0AF130-E734-4408-99E0-7F55B6E4E357}"
EndProject
Global
	GlobalSection(SolutionConfigurationPlatforms) = preSolution
		Debug|Any CPU = Debug|Any CPU
		Release|Any CPU = Release|Any CPU
	EndGlobalSection
	GlobalSection(ProjectConfigurationPlatforms) = postSolution
		{FE0AF130-E734-4408-99E0-7F55B6E4E357}.Debug|Any CPU.ActiveCfg = Debug|Any CPU
		{FE0AF130-E734-4408-99E0-7F55B6E4E357}.Debug|Any CPU.Build.0 = Debug|Any CPU
		{FE0AF130-E734-4408-99E0-7F55B6E4E357}.Release|Any CPU.ActiveCfg = Release|Any CPU
		{FE0AF130-E734-4408-99E0-7F55B6E4E357}.Release|Any CPU.Build.0 = Release|Any CPU
	EndGlobalSection
	GlobalSection(SolutionProperties) = preSolution
		HideSolutionNode = FALSE
	EndGlobalSection
	GlobalSection(ExtensibilityGlobals) = postSolution
		SolutionGuid = {98F646D7-5598-419C-897F-F934FBCB4C21}
	EndGlobalSection
EndGlobal
